// !$*UTF8*$!
{
	archiveVersion = 1;
	classes = {
	};
	objectVersion = 77;
	objects = {

/* Begin PBXBuildFile section */
		CD39F8052D4FDCC10047D373 /* SDWebImage in Frameworks */ = {isa = PBXBuildFile; productRef = CD39F8042D4FDCC10047D373 /* SDWebImage */; };
		CD39F8072D4FDCC10047D373 /* SDWebImageMapKit in Frameworks */ = {isa = PBXBuildFile; productRef = CD39F8062D4FDCC10047D373 /* SDWebImageMapKit */; };
		CD532DA82D4A88C900F93F81 /* KeychainSwift in Frameworks */ = {isa = PBXBuildFile; productRef = CD532DA72D4A88C900F93F81 /* KeychainSwift */; };
/* End PBXBuildFile section */

/* Begin PBXContainerItemProxy section */
		CD5E9E972D4A599B00AB9ABB /* PBXContainerItemProxy */ = {
			isa = PBXContainerItemProxy;
			containerPortal = CD5E9E782D4A599900AB9ABB /* Project object */;
			proxyType = 1;
			remoteGlobalIDString = CD5E9E7F2D4A599900AB9ABB;
			remoteInfo = PruductsApp;
		};
		CD5E9EA12D4A599B00AB9ABB /* PBXContainerItemProxy */ = {
			isa = PBXContainerItemProxy;
			containerPortal = CD5E9E782D4A599900AB9ABB /* Project object */;
			proxyType = 1;
			remoteGlobalIDString = CD5E9E7F2D4A599900AB9ABB;
			remoteInfo = PruductsApp;
		};
/* End PBXContainerItemProxy section */

/* Begin PBXFileReference section */
		CD5E9E802D4A599900AB9ABB /* PruductsApp.app */ = {isa = PBXFileReference; explicitFileType = wrapper.application; includeInIndex = 0; path = PruductsApp.app; sourceTree = BUILT_PRODUCTS_DIR; };
		CD5E9E962D4A599B00AB9ABB /* PruductsAppTests.xctest */ = {isa = PBXFileReference; explicitFileType = wrapper.cfbundle; includeInIndex = 0; path = PruductsAppTests.xctest; sourceTree = BUILT_PRODUCTS_DIR; };
		CD5E9EA02D4A599B00AB9ABB /* PruductsAppUITests.xctest */ = {isa = PBXFileReference; explicitFileType = wrapper.cfbundle; includeInIndex = 0; path = PruductsAppUITests.xctest; sourceTree = BUILT_PRODUCTS_DIR; };
/* End PBXFileReference section */

/* Begin PBXFileSystemSynchronizedBuildFileExceptionSet section */
		CD5E9EA82D4A599B00AB9ABB /* Exceptions for "PruductsApp" folder in "PruductsApp" target */ = {
			isa = PBXFileSystemSynchronizedBuildFileExceptionSet;
			membershipExceptions = (
				Info.plist,
				"UtilsAndModels/Product+CoreDataClass.swift",
				"UtilsAndModels/Product+CoreDataProperties.swift",
			);
			target = CD5E9E7F2D4A599900AB9ABB /* PruductsApp */;
		};
/* End PBXFileSystemSynchronizedBuildFileExceptionSet section */

/* Begin PBXFileSystemSynchronizedRootGroup section */
		CD5E9E822D4A599900AB9ABB /* PruductsApp */ = {
			isa = PBXFileSystemSynchronizedRootGroup;
			exceptions = (
				CD5E9EA82D4A599B00AB9ABB /* Exceptions for "PruductsApp" folder in "PruductsApp" target */,
			);
			path = PruductsApp;
			sourceTree = "<group>";
		};
/* End PBXFileSystemSynchronizedRootGroup section */

/* Begin PBXFrameworksBuildPhase section */
		CD5E9E7D2D4A599900AB9ABB /* Frameworks */ = {
			isa = PBXFrameworksBuildPhase;
			buildActionMask = 2147483647;
			files = (
				CD39F8052D4FDCC10047D373 /* SDWebImage in Frameworks */,
				CD39F8072D4FDCC10047D373 /* SDWebImageMapKit in Frameworks */,
				CD532DA82D4A88C900F93F81 /* KeychainSwift in Frameworks */,
			);
			runOnlyForDeploymentPostprocessing = 0;
		};
		CD5E9E932D4A599B00AB9ABB /* Frameworks */ = {
			isa = PBXFrameworksBuildPhase;
			buildActionMask = 2147483647;
			files = (
			);
			runOnlyForDeploymentPostprocessing = 0;
		};
		CD5E9E9D2D4A599B00AB9ABB /* Frameworks */ = {
			isa = PBXFrameworksBuildPhase;
			buildActionMask = 2147483647;
			files = (
			);
			runOnlyForDeploymentPostprocessing = 0;
		};
/* End PBXFrameworksBuildPhase section */

/* Begin PBXGroup section */
		CD532DA62D4A88C900F93F81 /* Frameworks */ = {
			isa = PBXGroup;
			children = (
			);
			name = Frameworks;
			sourceTree = "<group>";
		};
		CD5E9E772D4A599900AB9ABB = {
			isa = PBXGroup;
			children = (
				CD5E9E822D4A599900AB9ABB /* PruductsApp */,
				CD532DA62D4A88C900F93F81 /* Frameworks */,
				CD5E9E812D4A599900AB9ABB /* Products */,
			);
			sourceTree = "<group>";
		};
		CD5E9E812D4A599900AB9ABB /* Products */ = {
			isa = PBXGroup;
			children = (
				CD5E9E802D4A599900AB9ABB /* PruductsApp.app */,
				CD5E9E962D4A599B00AB9ABB /* PruductsAppTests.xctest */,
				CD5E9EA02D4A599B00AB9ABB /* PruductsAppUITests.xctest */,
			);
			name = Products;
			sourceTree = "<group>";
		};
/* End PBXGroup section */

/* Begin PBXNativeTarget section */
		CD5E9E7F2D4A599900AB9ABB /* PruductsApp */ = {
			isa = PBXNativeTarget;
			buildConfigurationList = CD5E9EA92D4A599B00AB9ABB /* Build configuration list for PBXNativeTarget "PruductsApp" */;
			buildPhases = (
				CD5E9E7C2D4A599900AB9ABB /* Sources */,
				CD5E9E7D2D4A599900AB9ABB /* Frameworks */,
				CD5E9E7E2D4A599900AB9ABB /* Resources */,
			);
			buildRules = (
			);
			dependencies = (
			);
			fileSystemSynchronizedGroups = (
				CD5E9E822D4A599900AB9ABB /* PruductsApp */,
			);
			name = PruductsApp;
			packageProductDependencies = (
				CD532DA72D4A88C900F93F81 /* KeychainSwift */,
				CD39F8042D4FDCC10047D373 /* SDWebImage */,
				CD39F8062D4FDCC10047D373 /* SDWebImageMapKit */,
			);
			productName = PruductsApp;
			productReference = CD5E9E802D4A599900AB9ABB /* PruductsApp.app */;
			productType = "com.apple.product-type.application";
		};
		CD5E9E952D4A599B00AB9ABB /* PruductsAppTests */ = {
			isa = PBXNativeTarget;
			buildConfigurationList = CD5E9EAE2D4A599B00AB9ABB /* Build configuration list for PBXNativeTarget "PruductsAppTests" */;
			buildPhases = (
				CD5E9E922D4A599B00AB9ABB /* Sources */,
				CD5E9E932D4A599B00AB9ABB /* Frameworks */,
				CD5E9E942D4A599B00AB9ABB /* Resources */,
			);
			buildRules = (
			);
			dependencies = (
				CD5E9E982D4A599B00AB9ABB /* PBXTargetDependency */,
			);
			name = PruductsAppTests;
			packageProductDependencies = (
			);
			productName = PruductsAppTests;
			productReference = CD5E9E962D4A599B00AB9ABB /* PruductsAppTests.xctest */;
			productType = "com.apple.product-type.bundle.unit-test";
		};
		CD5E9E9F2D4A599B00AB9ABB /* PruductsAppUITests */ = {
			isa = PBXNativeTarget;
			buildConfigurationList = CD5E9EB12D4A599B00AB9ABB /* Build configuration list for PBXNativeTarget "PruductsAppUITests" */;
			buildPhases = (
				CD5E9E9C2D4A599B00AB9ABB /* Sources */,
				CD5E9E9D2D4A599B00AB9ABB /* Frameworks */,
				CD5E9E9E2D4A599B00AB9ABB /* Resources */,
			);
			buildRules = (
			);
			dependencies = (
				CD5E9EA22D4A599B00AB9ABB /* PBXTargetDependency */,
			);
			name = PruductsAppUITests;
			packageProductDependencies = (
			);
			productName = PruductsAppUITests;
			productReference = CD5E9EA02D4A599B00AB9ABB /* PruductsAppUITests.xctest */;
			productType = "com.apple.product-type.bundle.ui-testing";
		};
/* End PBXNativeTarget section */

/* Begin PBXProject section */
		CD5E9E782D4A599900AB9ABB /* Project object */ = {
			isa = PBXProject;
			attributes = {
				BuildIndependentTargetsInParallel = 1;
				LastSwiftUpdateCheck = 1620;
				LastUpgradeCheck = 1620;
				TargetAttributes = {
					CD5E9E7F2D4A599900AB9ABB = {
						CreatedOnToolsVersion = 16.2;
					};
					CD5E9E952D4A599B00AB9ABB = {
						CreatedOnToolsVersion = 16.2;
						TestTargetID = CD5E9E7F2D4A599900AB9ABB;
					};
					CD5E9E9F2D4A599B00AB9ABB = {
						CreatedOnToolsVersion = 16.2;
						TestTargetID = CD5E9E7F2D4A599900AB9ABB;
					};
				};
			};
			buildConfigurationList = CD5E9E7B2D4A599900AB9ABB /* Build configuration list for PBXProject "PruductsApp" */;
			developmentRegion = en;
			hasScannedForEncodings = 0;
			knownRegions = (
				en,
				Base,
			);
			mainGroup = CD5E9E772D4A599900AB9ABB;
			minimizedProjectReferenceProxies = 1;
			packageReferences = (
				CDBB3D812D4A852D00026FA8 /* XCRemoteSwiftPackageReference "keychain-swift" */,
				CD39F8032D4FDCAC0047D373 /* XCRemoteSwiftPackageReference "SDWebImage" */,
			);
			preferredProjectObjectVersion = 77;
			productRefGroup = CD5E9E812D4A599900AB9ABB /* Products */;
			projectDirPath = "";
			projectRoot = "";
			targets = (
				CD5E9E7F2D4A599900AB9ABB /* PruductsApp */,
				CD5E9E952D4A599B00AB9ABB /* PruductsAppTests */,
				CD5E9E9F2D4A599B00AB9ABB /* PruductsAppUITests */,
			);
		};
/* End PBXProject section */

/* Begin PBXResourcesBuildPhase section */
		CD5E9E7E2D4A599900AB9ABB /* Resources */ = {
			isa = PBXResourcesBuildPhase;
			buildActionMask = 2147483647;
			files = (
			);
			runOnlyForDeploymentPostprocessing = 0;
		};
		CD5E9E942D4A599B00AB9ABB /* Resources */ = {
			isa = PBXResourcesBuildPhase;
			buildActionMask = 2147483647;
			files = (
			);
			runOnlyForDeploymentPostprocessing = 0;
		};
		CD5E9E9E2D4A599B00AB9ABB /* Resources */ = {
			isa = PBXResourcesBuildPhase;
			buildActionMask = 2147483647;
			files = (
			);
			runOnlyForDeploymentPostprocessing = 0;
		};
/* End PBXResourcesBuildPhase section */

/* Begin PBXSourcesBuildPhase section */
		CD5E9E7C2D4A599900AB9ABB /* Sources */ = {
			isa = PBXSourcesBuildPhase;
			buildActionMask = 2147483647;
			files = (
			);
			runOnlyForDeploymentPostprocessing = 0;
		};
		CD5E9E922D4A599B00AB9ABB /* Sources */ = {
			isa = PBXSourcesBuildPhase;
			buildActionMask = 2147483647;
			files = (
			);
			runOnlyForDeploymentPostprocessing = 0;
		};
		CD5E9E9C2D4A599B00AB9ABB /* Sources */ = {
			isa = PBXSourcesBuildPhase;
			buildActionMask = 2147483647;
			files = (
			);
			runOnlyForDeploymentPostprocessing = 0;
		};
/* End PBXSourcesBuildPhase section */

/* Begin PBXTargetDependency section */
		CD5E9E982D4A599B00AB9ABB /* PBXTargetDependency */ = {
			isa = PBXTargetDependency;
			target = CD5E9E7F2D4A599900AB9ABB /* PruductsApp */;
			targetProxy = CD5E9E972D4A599B00AB9ABB /* PBXContainerItemProxy */;
		};
		CD5E9EA22D4A599B00AB9ABB /* PBXTargetDependency */ = {
			isa = PBXTargetDependency;
			target = CD5E9E7F2D4A599900AB9ABB /* PruductsApp */;
			targetProxy = CD5E9EA12D4A599B00AB9ABB /* PBXContainerItemProxy */;
		};
/* End PBXTargetDependency section */

/* Begin XCBuildConfiguration section */
		CD5E9EAA2D4A599B00AB9ABB /* Debug */ = {
			isa = XCBuildConfiguration;
			buildSettings = {
				ASSETCATALOG_COMPILER_APPICON_NAME = AppIcon;
				ASSETCATALOG_COMPILER_GLOBAL_ACCENT_COLOR_NAME = AccentColor;
				CODE_SIGN_STYLE = Automatic;
				CURRENT_PROJECT_VERSION = 1;
				DEVELOPMENT_TEAM = 5H9F5643HH;
				GENERATE_INFOPLIST_FILE = YES;
				INFOPLIST_FILE = PruductsApp/Info.plist;
				INFOPLIST_KEY_UIApplicationSupportsIndirectInputEvents = YES;
				INFOPLIST_KEY_UILaunchStoryboardName = LaunchScreen;
				INFOPLIST_KEY_UIMainStoryboardFile = Main;
				INFOPLIST_KEY_UISupportedInterfaceOrientations_iPad = "UIInterfaceOrientationPortrait UIInterfaceOrientationPortraitUpsideDown UIInterfaceOrientationLandscapeLeft UIInterfaceOrientationLandscapeRight";
				INFOPLIST_KEY_UISupportedInterfaceOrientations_iPhone = "UIInterfaceOrientationPortrait UIInterfaceOrientationLandscapeLeft UIInterfaceOrientationLandscapeRight";
				IPHONEOS_DEPLOYMENT_TARGET = 17.6;
				LD_RUNPATH_SEARCH_PATHS = (
					"$(inherited)",
					"@executable_path/Frameworks",
				);
				MARKETING_VERSION = 1.0;
				PRODUCT_BUNDLE_IDENTIFIER = com.ayl2545.PruductsApp;
				PRODUCT_NAME = "$(TARGET_NAME)";
				SWIFT_EMIT_LOC_STRINGS = YES;
				SWIFT_VERSION = 5.0;
				TARGETED_DEVICE_FAMILY = "1,2";
			};
			name = Debug;
		};
		CD5E9EAB2D4A599B00AB9ABB /* Release */ = {
			isa = XCBuildConfiguration;
			buildSettings = {
				ASSETCATALOG_COMPILER_APPICON_NAME = AppIcon;
				ASSETCATALOG_COMPILER_GLOBAL_ACCENT_COLOR_NAME = AccentColor;
				CODE_SIGN_STYLE = Automatic;
				CURRENT_PROJECT_VERSION = 1;
				DEVELOPMENT_TEAM = 5H9F5643HH;
				GENERATE_INFOPLIST_FILE = YES;
				INFOPLIST_FILE = PruductsApp/Info.plist;
				INFOPLIST_KEY_UIApplicationSupportsIndirectInputEvents = YES;
				INFOPLIST_KEY_UILaunchStoryboardName = LaunchScreen;
				INFOPLIST_KEY_UIMainStoryboardFile = Main;
				INFOPLIST_KEY_UISupportedInterfaceOrientations_iPad = "UIInterfaceOrientationPortrait UIInterfaceOrientationPortraitUpsideDown UIInterfaceOrientationLandscapeLeft UIInterfaceOrientationLandscapeRight";
				INFOPLIST_KEY_UISupportedInterfaceOrientations_iPhone = "UIInterfaceOrientationPortrait UIInterfaceOrientationLandscapeLeft UIInterfaceOrientationLandscapeRight";
				IPHONEOS_DEPLOYMENT_TARGET = 17.6;
				LD_RUNPATH_SEARCH_PATHS = (
					"$(inherited)",
					"@executable_path/Frameworks",
				);
				MARKETING_VERSION = 1.0;
				PRODUCT_BUNDLE_IDENTIFIER = com.ayl2545.PruductsApp;
				PRODUCT_NAME = "$(TARGET_NAME)";
				SWIFT_EMIT_LOC_STRINGS = YES;
				SWIFT_VERSION = 5.0;
				TARGETED_DEVICE_FAMILY = "1,2";
			};
			name = Release;
		};
		CD5E9EAC2D4A599B00AB9ABB /* Debug */ = {
			isa = XCBuildConfiguration;
			buildSettings = {
				ALWAYS_SEARCH_USER_PATHS = NO;
				ASSETCATALOG_COMPILER_GENERATE_SWIFT_ASSET_SYMBOL_EXTENSIONS = YES;
				CLANG_ANALYZER_NONNULL = YES;
				CLANG_ANALYZER_NUMBER_OBJECT_CONVERSION = YES_AGGRESSIVE;
				CLANG_CXX_LANGUAGE_STANDARD = "gnu++20";
				CLANG_ENABLE_MODULES = YES;
				CLANG_ENABLE_OBJC_ARC = YES;
				CLANG_ENABLE_OBJC_WEAK = YES;
				CLANG_WARN_BLOCK_CAPTURE_AUTORELEASING = YES;
				CLANG_WARN_BOOL_CONVERSION = YES;
				CLANG_WARN_COMMA = YES;
				CLANG_WARN_CONSTANT_CONVERSION = YES;
				CLANG_WARN_DEPRECATED_OBJC_IMPLEMENTATIONS = YES;
				CLANG_WARN_DIRECT_OBJC_ISA_USAGE = YES_ERROR;
				CLANG_WARN_DOCUMENTATION_COMMENTS = YES;
				CLANG_WARN_EMPTY_BODY = YES;
				CLANG_WARN_ENUM_CONVERSION = YES;
				CLANG_WARN_INFINITE_RECURSION = YES;
				CLANG_WARN_INT_CONVERSION = YES;
				CLANG_WARN_NON_LITERAL_NULL_CONVERSION = YES;
				CLANG_WARN_OBJC_IMPLICIT_RETAIN_SELF = YES;
				CLANG_WARN_OBJC_LITERAL_CONVERSION = YES;
				CLANG_WARN_OBJC_ROOT_CLASS = YES_ERROR;
				CLANG_WARN_QUOTED_INCLUDE_IN_FRAMEWORK_HEADER = YES;
				CLANG_WARN_RANGE_LOOP_ANALYSIS = YES;
				CLANG_WARN_STRICT_PROTOTYPES = YES;
				CLANG_WARN_SUSPICIOUS_MOVE = YES;
				CLANG_WARN_UNGUARDED_AVAILABILITY = YES_AGGRESSIVE;
				CLANG_WARN_UNREACHABLE_CODE = YES;
				CLANG_WARN__DUPLICATE_METHOD_MATCH = YES;
				COPY_PHASE_STRIP = NO;
				DEBUG_INFORMATION_FORMAT = dwarf;
				ENABLE_STRICT_OBJC_MSGSEND = YES;
				ENABLE_TESTABILITY = YES;
				ENABLE_USER_SCRIPT_SANDBOXING = YES;
				GCC_C_LANGUAGE_STANDARD = gnu17;
				GCC_DYNAMIC_NO_PIC = NO;
				GCC_NO_COMMON_BLOCKS = YES;
				GCC_OPTIMIZATION_LEVEL = 0;
				GCC_PREPROCESSOR_DEFINITIONS = (
					"DEBUG=1",
					"$(inherited)",
				);
				GCC_WARN_64_TO_32_BIT_CONVERSION = YES;
				GCC_WARN_ABOUT_RETURN_TYPE = YES_ERROR;
				GCC_WARN_UNDECLARED_SELECTOR = YES;
				GCC_WARN_UNINITIALIZED_AUTOS = YES_AGGRESSIVE;
				GCC_WARN_UNUSED_FUNCTION = YES;
				GCC_WARN_UNUSED_VARIABLE = YES;
				IPHONEOS_DEPLOYMENT_TARGET = 18.2;
				LOCALIZATION_PREFERS_STRING_CATALOGS = YES;
				MTL_ENABLE_DEBUG_INFO = INCLUDE_SOURCE;
				MTL_FAST_MATH = YES;
				ONLY_ACTIVE_ARCH = YES;
				SDKROOT = iphoneos;
				SWIFT_ACTIVE_COMPILATION_CONDITIONS = "DEBUG $(inherited)";
				SWIFT_OPTIMIZATION_LEVEL = "-Onone";
			};
			name = Debug;
		};
		CD5E9EAD2D4A599B00AB9ABB /* Release */ = {
			isa = XCBuildConfiguration;
			buildSettings = {
				ALWAYS_SEARCH_USER_PATHS = NO;
				ASSETCATALOG_COMPILER_GENERATE_SWIFT_ASSET_SYMBOL_EXTENSIONS = YES;
				CLANG_ANALYZER_NONNULL = YES;
				CLANG_ANALYZER_NUMBER_OBJECT_CONVERSION = YES_AGGRESSIVE;
				CLANG_CXX_LANGUAGE_STANDARD = "gnu++20";
				CLANG_ENABLE_MODULES = YES;
				CLANG_ENABLE_OBJC_ARC = YES;
				CLANG_ENABLE_OBJC_WEAK = YES;
				CLANG_WARN_BLOCK_CAPTURE_AUTORELEASING = YES;
				CLANG_WARN_BOOL_CONVERSION = YES;
				CLANG_WARN_COMMA = YES;
				CLANG_WARN_CONSTANT_CONVERSION = YES;
				CLANG_WARN_DEPRECATED_OBJC_IMPLEMENTATIONS = YES;
				CLANG_WARN_DIRECT_OBJC_ISA_USAGE = YES_ERROR;
				CLANG_WARN_DOCUMENTATION_COMMENTS = YES;
				CLANG_WARN_EMPTY_BODY = YES;
				CLANG_WARN_ENUM_CONVERSION = YES;
				CLANG_WARN_INFINITE_RECURSION = YES;
				CLANG_WARN_INT_CONVERSION = YES;
				CLANG_WARN_NON_LITERAL_NULL_CONVERSION = YES;
				CLANG_WARN_OBJC_IMPLICIT_RETAIN_SELF = YES;
				CLANG_WARN_OBJC_LITERAL_CONVERSION = YES;
				CLANG_WARN_OBJC_ROOT_CLASS = YES_ERROR;
				CLANG_WARN_QUOTED_INCLUDE_IN_FRAMEWORK_HEADER = YES;
				CLANG_WARN_RANGE_LOOP_ANALYSIS = YES;
				CLANG_WARN_STRICT_PROTOTYPES = YES;
				CLANG_WARN_SUSPICIOUS_MOVE = YES;
				CLANG_WARN_UNGUARDED_AVAILABILITY = YES_AGGRESSIVE;
				CLANG_WARN_UNREACHABLE_CODE = YES;
				CLANG_WARN__DUPLICATE_METHOD_MATCH = YES;
				COPY_PHASE_STRIP = NO;
				DEBUG_INFORMATION_FORMAT = "dwarf-with-dsym";
				ENABLE_NS_ASSERTIONS = NO;
				ENABLE_STRICT_OBJC_MSGSEND = YES;
				ENABLE_USER_SCRIPT_SANDBOXING = YES;
				GCC_C_LANGUAGE_STANDARD = gnu17;
				GCC_NO_COMMON_BLOCKS = YES;
				GCC_WARN_64_TO_32_BIT_CONVERSION = YES;
				GCC_WARN_ABOUT_RETURN_TYPE = YES_ERROR;
				GCC_WARN_UNDECLARED_SELECTOR = YES;
				GCC_WARN_UNINITIALIZED_AUTOS = YES_AGGRESSIVE;
				GCC_WARN_UNUSED_FUNCTION = YES;
				GCC_WARN_UNUSED_VARIABLE = YES;
				IPHONEOS_DEPLOYMENT_TARGET = 18.2;
				LOCALIZATION_PREFERS_STRING_CATALOGS = YES;
				MTL_ENABLE_DEBUG_INFO = NO;
				MTL_FAST_MATH = YES;
				SDKROOT = iphoneos;
				SWIFT_COMPILATION_MODE = wholemodule;
				VALIDATE_PRODUCT = YES;
			};
			name = Release;
		};
		CD5E9EAF2D4A599B00AB9ABB /* Debug */ = {
			isa = XCBuildConfiguration;
			buildSettings = {
				BUNDLE_LOADER = "$(TEST_HOST)";
				CODE_SIGN_STYLE = Automatic;
				CURRENT_PROJECT_VERSION = 1;
				GENERATE_INFOPLIST_FILE = YES;
				IPHONEOS_DEPLOYMENT_TARGET = 18.2;
				MARKETING_VERSION = 1.0;
				PRODUCT_BUNDLE_IDENTIFIER = com.ayl2545.PruductsAppTests;
				PRODUCT_NAME = "$(TARGET_NAME)";
				SWIFT_EMIT_LOC_STRINGS = NO;
				SWIFT_VERSION = 5.0;
				TARGETED_DEVICE_FAMILY = "1,2";
				TEST_HOST = "$(BUILT_PRODUCTS_DIR)/PruductsApp.app/$(BUNDLE_EXECUTABLE_FOLDER_PATH)/PruductsApp";
			};
			name = Debug;
		};
		CD5E9EB02D4A599B00AB9ABB /* Release */ = {
			isa = XCBuildConfiguration;
			buildSettings = {
				BUNDLE_LOADER = "$(TEST_HOST)";
				CODE_SIGN_STYLE = Automatic;
				CURRENT_PROJECT_VERSION = 1;
				GENERATE_INFOPLIST_FILE = YES;
				IPHONEOS_DEPLOYMENT_TARGET = 18.2;
				MARKETING_VERSION = 1.0;
				PRODUCT_BUNDLE_IDENTIFIER = com.ayl2545.PruductsAppTests;
				PRODUCT_NAME = "$(TARGET_NAME)";
				SWIFT_EMIT_LOC_STRINGS = NO;
				SWIFT_VERSION = 5.0;
				TARGETED_DEVICE_FAMILY = "1,2";
				TEST_HOST = "$(BUILT_PRODUCTS_DIR)/PruductsApp.app/$(BUNDLE_EXECUTABLE_FOLDER_PATH)/PruductsApp";
			};
			name = Release;
		};
		CD5E9EB22D4A599B00AB9ABB /* Debug */ = {
			isa = XCBuildConfiguration;
			buildSettings = {
				CODE_SIGN_STYLE = Automatic;
				CURRENT_PROJECT_VERSION = 1;
				GENERATE_INFOPLIST_FILE = YES;
				MARKETING_VERSION = 1.0;
				PRODUCT_BUNDLE_IDENTIFIER = com.ayl2545.PruductsAppUITests;
				PRODUCT_NAME = "$(TARGET_NAME)";
				SWIFT_EMIT_LOC_STRINGS = NO;
				SWIFT_VERSION = 5.0;
				TARGETED_DEVICE_FAMILY = "1,2";
				TEST_TARGET_NAME = PruductsApp;
			};
			name = Debug;
		};
		CD5E9EB32D4A599B00AB9ABB /* Release */ = {
			isa = XCBuildConfiguration;
			buildSettings = {
				CODE_SIGN_STYLE = Automatic;
				CURRENT_PROJECT_VERSION = 1;
				GENERATE_INFOPLIST_FILE = YES;
				MARKETING_VERSION = 1.0;
				PRODUCT_BUNDLE_IDENTIFIER = com.ayl2545.PruductsAppUITests;
				PRODUCT_NAME = "$(TARGET_NAME)";
				SWIFT_EMIT_LOC_STRINGS = NO;
				SWIFT_VERSION = 5.0;
				TARGETED_DEVICE_FAMILY = "1,2";
				TEST_TARGET_NAME = PruductsApp;
			};
			name = Release;
		};
/* End XCBuildConfiguration section */

/* Begin XCConfigurationList section */
		CD5E9E7B2D4A599900AB9ABB /* Build configuration list for PBXProject "PruductsApp" */ = {
			isa = XCConfigurationList;
			buildConfigurations = (
				CD5E9EAC2D4A599B00AB9ABB /* Debug */,
				CD5E9EAD2D4A599B00AB9ABB /* Release */,
			);
			defaultConfigurationIsVisible = 0;
			defaultConfigurationName = Release;
		};
		CD5E9EA92D4A599B00AB9ABB /* Build configuration list for PBXNativeTarget "PruductsApp" */ = {
			isa = XCConfigurationList;
			buildConfigurations = (
				CD5E9EAA2D4A599B00AB9ABB /* Debug */,
				CD5E9EAB2D4A599B00AB9ABB /* Release */,
			);
			defaultConfigurationIsVisible = 0;
			defaultConfigurationName = Release;
		};
		CD5E9EAE2D4A599B00AB9ABB /* Build configuration list for PBXNativeTarget "PruductsAppTests" */ = {
			isa = XCConfigurationList;
			buildConfigurations = (
				CD5E9EAF2D4A599B00AB9ABB /* Debug */,
				CD5E9EB02D4A599B00AB9ABB /* Release */,
			);
			defaultConfigurationIsVisible = 0;
			defaultConfigurationName = Release;
		};
		CD5E9EB12D4A599B00AB9ABB /* Build configuration list for PBXNativeTarget "PruductsAppUITests" */ = {
			isa = XCConfigurationList;
			buildConfigurations = (
				CD5E9EB22D4A599B00AB9ABB /* Debug */,
				CD5E9EB32D4A599B00AB9ABB /* Release */,
			);
			defaultConfigurationIsVisible = 0;
			defaultConfigurationName = Release;
		};
/* End XCConfigurationList section */

/* Begin XCRemoteSwiftPackageReference section */
		CD39F8032D4FDCAC0047D373 /* XCRemoteSwiftPackageReference "SDWebImage" */ = {
			isa = XCRemoteSwiftPackageReference;
			repositoryURL = "https://github.com/SDWebImage/SDWebImage.git";
			requirement = {
				kind = upToNextMajorVersion;
				minimumVersion = 5.20.0;
			};
		};
		CDBB3D812D4A852D00026FA8 /* XCRemoteSwiftPackageReference "keychain-swift" */ = {
			isa = XCRemoteSwiftPackageReference;
			repositoryURL = "https://github.com/evgenyneu/keychain-swift";
			requirement = {
				kind = upToNextMajorVersion;
				minimumVersion = 24.0.0;
			};
		};
/* End XCRemoteSwiftPackageReference section */

/* Begin XCSwiftPackageProductDependency section */
		CD39F8042D4FDCC10047D373 /* SDWebImage */ = {
			isa = XCSwiftPackageProductDependency;
			package = CD39F8032D4FDCAC0047D373 /* XCRemoteSwiftPackageReference "SDWebImage" */;
			productName = SDWebImage;
		};
		CD39F8062D4FDCC10047D373 /* SDWebImageMapKit */ = {
			isa = XCSwiftPackageProductDependency;
			package = CD39F8032D4FDCAC0047D373 /* XCRemoteSwiftPackageReference "SDWebImage" */;
			productName = SDWebImageMapKit;
		};
		CD532DA72D4A88C900F93F81 /* KeychainSwift */ = {
			isa = XCSwiftPackageProductDependency;
			package = CDBB3D812D4A852D00026FA8 /* XCRemoteSwiftPackageReference "keychain-swift" */;
			productName = KeychainSwift;
		};
/* End XCSwiftPackageProductDependency section */
	};
	rootObject = CD5E9E782D4A599900AB9ABB /* Project object */;
}
